// !$*UTF8*$!
{
	archiveVersion = 1;
	classes = {
	};
	objectVersion = 63;
	objects = {

/* Begin PBXBuildFile section */
		3F0E02252CBECDF100D2A837 /* Preview Assets.xcassets in Resources */ = {isa = PBXBuildFile; fileRef = 3F0E021F2CBECDF100D2A837 /* Preview Assets.xcassets */; };
		3F0E02262CBECDF100D2A837 /* Assets.xcassets in Resources */ = {isa = PBXBuildFile; fileRef = 3F0E02212CBECDF100D2A837 /* Assets.xcassets */; };
		3F0E02282CBECDF100D2A837 /* ExposureApp.swift in Sources */ = {isa = PBXBuildFile; fileRef = 3F0E02232CBECDF100D2A837 /* ExposureApp.swift */; };
		3F7225CD2CC0B22B0050A633 /* ErrorDatabase.swift in Sources */ = {isa = PBXBuildFile; fileRef = 3F7225CC2CC0B22B0050A633 /* ErrorDatabase.swift */; };
		3F7225CF2CC0B3010050A633 /* ErrorView.swift in Sources */ = {isa = PBXBuildFile; fileRef = 3F7225CE2CC0B3010050A633 /* ErrorView.swift */; };
		3F745F302CBF1B0300A737E6 /* iOSContentView.swift in Sources */ = {isa = PBXBuildFile; fileRef = 3F745F2F2CBF1B0300A737E6 /* iOSContentView.swift */; };
		3FCC71312CBF6CF800859810 /* iOSSettingsView.swift in Sources */ = {isa = PBXBuildFile; fileRef = 3FCC71302CBF6CF800859810 /* iOSSettingsView.swift */; };
/* End PBXBuildFile section */

/* Begin PBXFileReference section */
		3F0E020E2CBECDE900D2A837 /* Exposure.app */ = {isa = PBXFileReference; explicitFileType = wrapper.application; includeInIndex = 0; path = Exposure.app; sourceTree = BUILT_PRODUCTS_DIR; };
		3F0E021F2CBECDF100D2A837 /* Preview Assets.xcassets */ = {isa = PBXFileReference; lastKnownFileType = folder.assetcatalog; path = "Preview Assets.xcassets"; sourceTree = "<group>"; };
		3F0E02212CBECDF100D2A837 /* Assets.xcassets */ = {isa = PBXFileReference; lastKnownFileType = folder.assetcatalog; path = Assets.xcassets; sourceTree = "<group>"; };
		3F0E02232CBECDF100D2A837 /* ExposureApp.swift */ = {isa = PBXFileReference; lastKnownFileType = sourcecode.swift; path = ExposureApp.swift; sourceTree = "<group>"; };
		3F7225CC2CC0B22B0050A633 /* ErrorDatabase.swift */ = {isa = PBXFileReference; lastKnownFileType = sourcecode.swift; path = ErrorDatabase.swift; sourceTree = "<group>"; };
		3F7225CE2CC0B3010050A633 /* ErrorView.swift */ = {isa = PBXFileReference; lastKnownFileType = sourcecode.swift; path = ErrorView.swift; sourceTree = "<group>"; };
		3F745F2F2CBF1B0300A737E6 /* iOSContentView.swift */ = {isa = PBXFileReference; lastKnownFileType = sourcecode.swift; path = iOSContentView.swift; sourceTree = "<group>"; };
		3FCC71302CBF6CF800859810 /* iOSSettingsView.swift */ = {isa = PBXFileReference; lastKnownFileType = sourcecode.swift; path = iOSSettingsView.swift; sourceTree = "<group>"; };
/* End PBXFileReference section */

/* Begin PBXFrameworksBuildPhase section */
		3F0E020B2CBECDE900D2A837 /* Frameworks */ = {
			isa = PBXFrameworksBuildPhase;
			buildActionMask = 2147483647;
			files = (
			);
			runOnlyForDeploymentPostprocessing = 0;
		};
/* End PBXFrameworksBuildPhase section */

/* Begin PBXGroup section */
		3F0E02052CBECDE900D2A837 = {
			isa = PBXGroup;
			children = (
				3F0E02242CBECDF100D2A837 /* Exposure */,
				3F0E020F2CBECDE900D2A837 /* Products */,
			);
			sourceTree = "<group>";
		};
		3F0E020F2CBECDE900D2A837 /* Products */ = {
			isa = PBXGroup;
			children = (
				3F0E020E2CBECDE900D2A837 /* Exposure.app */,
			);
			name = Products;
			sourceTree = "<group>";
		};
		3F0E02202CBECDF100D2A837 /* Preview Content */ = {
			isa = PBXGroup;
			children = (
				3F0E021F2CBECDF100D2A837 /* Preview Assets.xcassets */,
			);
			path = "Preview Content";
			sourceTree = "<group>";
		};
		3F0E02242CBECDF100D2A837 /* Exposure */ = {
			isa = PBXGroup;
			children = (
				3F0E02232CBECDF100D2A837 /* ExposureApp.swift */,
				3F7225CC2CC0B22B0050A633 /* ErrorDatabase.swift */,
				3F7225CE2CC0B3010050A633 /* ErrorView.swift */,
				3F745F2D2CBF17CA00A737E6 /* UI */,
				3F0E02202CBECDF100D2A837 /* Preview Content */,
				3F0E02212CBECDF100D2A837 /* Assets.xcassets */,
			);
			path = Exposure;
			sourceTree = "<group>";
		};
		3F745F2D2CBF17CA00A737E6 /* UI */ = {
			isa = PBXGroup;
			children = (
				3F745F2E2CBF1ACB00A737E6 /* Core */,
				3FCC712F2CBF6CE500859810 /* iOS */,
			);
			path = UI;
			sourceTree = "<group>";
		};
		3F745F2E2CBF1ACB00A737E6 /* Core */ = {
			isa = PBXGroup;
			children = (
				3F745F2F2CBF1B0300A737E6 /* iOSContentView.swift */,
			);
			path = Core;
			sourceTree = "<group>";
		};
		3FCC712F2CBF6CE500859810 /* iOS */ = {
			isa = PBXGroup;
			children = (
				3FCC71302CBF6CF800859810 /* iOSSettingsView.swift */,
			);
			path = iOS;
			sourceTree = "<group>";
		};
/* End PBXGroup section */

/* Begin PBXNativeTarget section */
		3F0E020D2CBECDE900D2A837 /* Exposure */ = {
			isa = PBXNativeTarget;
			buildConfigurationList = 3F0E021C2CBECDEA00D2A837 /* Build configuration list for PBXNativeTarget "Exposure" */;
			buildPhases = (
				3F0E020A2CBECDE900D2A837 /* Sources */,
				3F0E020B2CBECDE900D2A837 /* Frameworks */,
				3F0E020C2CBECDE900D2A837 /* Resources */,
			);
			buildRules = (
			);
			dependencies = (
			);
			name = Exposure;
			packageProductDependencies = (
			);
			productName = Exposure;
			productReference = 3F0E020E2CBECDE900D2A837 /* Exposure.app */;
			productType = "com.apple.product-type.application";
		};
/* End PBXNativeTarget section */

/* Begin PBXProject section */
		3F0E02062CBECDE900D2A837 /* Project object */ = {
			isa = PBXProject;
			attributes = {
				BuildIndependentTargetsInParallel = 1;
				LastSwiftUpdateCheck = 1600;
				LastUpgradeCheck = 1600;
				TargetAttributes = {
					3F0E020D2CBECDE900D2A837 = {
						CreatedOnToolsVersion = 16.0;
					};
				};
			};
			buildConfigurationList = 3F0E02092CBECDE900D2A837 /* Build configuration list for PBXProject "Exposure" */;
			compatibilityVersion = "Xcode 15.0";
			developmentRegion = en;
			hasScannedForEncodings = 0;
			knownRegions = (
				en,
				Base,
			);
			mainGroup = 3F0E02052CBECDE900D2A837;
			minimizedProjectReferenceProxies = 1;
			packageReferences = (
			);
			productRefGroup = 3F0E020F2CBECDE900D2A837 /* Products */;
			projectDirPath = "";
			projectRoot = "";
			targets = (
				3F0E020D2CBECDE900D2A837 /* Exposure */,
			);
		};
/* End PBXProject section */

/* Begin PBXResourcesBuildPhase section */
		3F0E020C2CBECDE900D2A837 /* Resources */ = {
			isa = PBXResourcesBuildPhase;
			buildActionMask = 2147483647;
			files = (
				3F0E02252CBECDF100D2A837 /* Preview Assets.xcassets in Resources */,
				3F0E02262CBECDF100D2A837 /* Assets.xcassets in Resources */,
			);
			runOnlyForDeploymentPostprocessing = 0;
		};
/* End PBXResourcesBuildPhase section */

/* Begin PBXSourcesBuildPhase section */
		3F0E020A2CBECDE900D2A837 /* Sources */ = {
			isa = PBXSourcesBuildPhase;
			buildActionMask = 2147483647;
			files = (
				3F7225CF2CC0B3010050A633 /* ErrorView.swift in Sources */,
				3FCC71312CBF6CF800859810 /* iOSSettingsView.swift in Sources */,
				3F7225CD2CC0B22B0050A633 /* ErrorDatabase.swift in Sources */,
				3F0E02282CBECDF100D2A837 /* ExposureApp.swift in Sources */,
				3F745F302CBF1B0300A737E6 /* iOSContentView.swift in Sources */,
			);
			runOnlyForDeploymentPostprocessing = 0;
		};
/* End PBXSourcesBuildPhase section */

/* Begin XCBuildConfiguration section */
		3F0E021A2CBECDEA00D2A837 /* Debug */ = {
			isa = XCBuildConfiguration;
			buildSettings = {
				ALWAYS_SEARCH_USER_PATHS = NO;
				ASSETCATALOG_COMPILER_GENERATE_SWIFT_ASSET_SYMBOL_EXTENSIONS = YES;
				CLANG_ANALYZER_NONNULL = YES;
				CLANG_ANALYZER_NUMBER_OBJECT_CONVERSION = YES_AGGRESSIVE;
				CLANG_CXX_LANGUAGE_STANDARD = "gnu++20";
				CLANG_ENABLE_MODULES = YES;
				CLANG_ENABLE_OBJC_ARC = YES;
				CLANG_ENABLE_OBJC_WEAK = YES;
				CLANG_WARN_BLOCK_CAPTURE_AUTORELEASING = YES;
				CLANG_WARN_BOOL_CONVERSION = YES;
				CLANG_WARN_COMMA = YES;
				CLANG_WARN_CONSTANT_CONVERSION = YES;
				CLANG_WARN_DEPRECATED_OBJC_IMPLEMENTATIONS = YES;
				CLANG_WARN_DIRECT_OBJC_ISA_USAGE = YES_ERROR;
				CLANG_WARN_DOCUMENTATION_COMMENTS = YES;
				CLANG_WARN_EMPTY_BODY = YES;
				CLANG_WARN_ENUM_CONVERSION = YES;
				CLANG_WARN_INFINITE_RECURSION = YES;
				CLANG_WARN_INT_CONVERSION = YES;
				CLANG_WARN_NON_LITERAL_NULL_CONVERSION = YES;
				CLANG_WARN_OBJC_IMPLICIT_RETAIN_SELF = YES;
				CLANG_WARN_OBJC_LITERAL_CONVERSION = YES;
				CLANG_WARN_OBJC_ROOT_CLASS = YES_ERROR;
				CLANG_WARN_QUOTED_INCLUDE_IN_FRAMEWORK_HEADER = YES;
				CLANG_WARN_RANGE_LOOP_ANALYSIS = YES;
				CLANG_WARN_STRICT_PROTOTYPES = YES;
				CLANG_WARN_SUSPICIOUS_MOVE = YES;
				CLANG_WARN_UNGUARDED_AVAILABILITY = YES_AGGRESSIVE;
				CLANG_WARN_UNREACHABLE_CODE = YES;
				CLANG_WARN__DUPLICATE_METHOD_MATCH = YES;
				COPY_PHASE_STRIP = NO;
				DEBUG_INFORMATION_FORMAT = dwarf;
				ENABLE_STRICT_OBJC_MSGSEND = YES;
				ENABLE_TESTABILITY = YES;
				ENABLE_USER_SCRIPT_SANDBOXING = YES;
				GCC_C_LANGUAGE_STANDARD = gnu17;
				GCC_DYNAMIC_NO_PIC = NO;
				GCC_NO_COMMON_BLOCKS = YES;
				GCC_OPTIMIZATION_LEVEL = 0;
				GCC_PREPROCESSOR_DEFINITIONS = (
					"DEBUG=1",
					"$(inherited)",
				);
				GCC_WARN_64_TO_32_BIT_CONVERSION = YES;
				GCC_WARN_ABOUT_RETURN_TYPE = YES_ERROR;
				GCC_WARN_UNDECLARED_SELECTOR = YES;
				GCC_WARN_UNINITIALIZED_AUTOS = YES_AGGRESSIVE;
				GCC_WARN_UNUSED_FUNCTION = YES;
				GCC_WARN_UNUSED_VARIABLE = YES;
				IPHONEOS_DEPLOYMENT_TARGET = 18.0;
				LOCALIZATION_PREFERS_STRING_CATALOGS = YES;
				MTL_ENABLE_DEBUG_INFO = INCLUDE_SOURCE;
				MTL_FAST_MATH = YES;
				ONLY_ACTIVE_ARCH = YES;
				SDKROOT = iphoneos;
				SWIFT_ACTIVE_COMPILATION_CONDITIONS = "DEBUG $(inherited)";
				SWIFT_OPTIMIZATION_LEVEL = "-Onone";
			};
			name = Debug;
		};
		3F0E021B2CBECDEA00D2A837 /* Release */ = {
			isa = XCBuildConfiguration;
			buildSettings = {
				ALWAYS_SEARCH_USER_PATHS = NO;
				ASSETCATALOG_COMPILER_GENERATE_SWIFT_ASSET_SYMBOL_EXTENSIONS = YES;
				CLANG_ANALYZER_NONNULL = YES;
				CLANG_ANALYZER_NUMBER_OBJECT_CONVERSION = YES_AGGRESSIVE;
				CLANG_CXX_LANGUAGE_STANDARD = "gnu++20";
				CLANG_ENABLE_MODULES = YES;
				CLANG_ENABLE_OBJC_ARC = YES;
				CLANG_ENABLE_OBJC_WEAK = YES;
				CLANG_WARN_BLOCK_CAPTURE_AUTORELEASING = YES;
				CLANG_WARN_BOOL_CONVERSION = YES;
				CLANG_WARN_COMMA = YES;
				CLANG_WARN_CONSTANT_CONVERSION = YES;
				CLANG_WARN_DEPRECATED_OBJC_IMPLEMENTATIONS = YES;
				CLANG_WARN_DIRECT_OBJC_ISA_USAGE = YES_ERROR;
				CLANG_WARN_DOCUMENTATION_COMMENTS = YES;
				CLANG_WARN_EMPTY_BODY = YES;
				CLANG_WARN_ENUM_CONVERSION = YES;
				CLANG_WARN_INFINITE_RECURSION = YES;
				CLANG_WARN_INT_CONVERSION = YES;
				CLANG_WARN_NON_LITERAL_NULL_CONVERSION = YES;
				CLANG_WARN_OBJC_IMPLICIT_RETAIN_SELF = YES;
				CLANG_WARN_OBJC_LITERAL_CONVERSION = YES;
				CLANG_WARN_OBJC_ROOT_CLASS = YES_ERROR;
				CLANG_WARN_QUOTED_INCLUDE_IN_FRAMEWORK_HEADER = YES;
				CLANG_WARN_RANGE_LOOP_ANALYSIS = YES;
				CLANG_WARN_STRICT_PROTOTYPES = YES;
				CLANG_WARN_SUSPICIOUS_MOVE = YES;
				CLANG_WARN_UNGUARDED_AVAILABILITY = YES_AGGRESSIVE;
				CLANG_WARN_UNREACHABLE_CODE = YES;
				CLANG_WARN__DUPLICATE_METHOD_MATCH = YES;
				COPY_PHASE_STRIP = NO;
				DEBUG_INFORMATION_FORMAT = "dwarf-with-dsym";
				ENABLE_NS_ASSERTIONS = NO;
				ENABLE_STRICT_OBJC_MSGSEND = YES;
				ENABLE_USER_SCRIPT_SANDBOXING = YES;
				GCC_C_LANGUAGE_STANDARD = gnu17;
				GCC_NO_COMMON_BLOCKS = YES;
				GCC_WARN_64_TO_32_BIT_CONVERSION = YES;
				GCC_WARN_ABOUT_RETURN_TYPE = YES_ERROR;
				GCC_WARN_UNDECLARED_SELECTOR = YES;
				GCC_WARN_UNINITIALIZED_AUTOS = YES_AGGRESSIVE;
				GCC_WARN_UNUSED_FUNCTION = YES;
				GCC_WARN_UNUSED_VARIABLE = YES;
				IPHONEOS_DEPLOYMENT_TARGET = 18.0;
				LOCALIZATION_PREFERS_STRING_CATALOGS = YES;
				MTL_ENABLE_DEBUG_INFO = NO;
				MTL_FAST_MATH = YES;
				SDKROOT = iphoneos;
				SWIFT_COMPILATION_MODE = wholemodule;
				VALIDATE_PRODUCT = YES;
			};
			name = Release;
		};
		3F0E021D2CBECDEA00D2A837 /* Debug */ = {
			isa = XCBuildConfiguration;
			buildSettings = {
				ASSETCATALOG_COMPILER_APPICON_NAME = AppIcon;
				ASSETCATALOG_COMPILER_GLOBAL_ACCENT_COLOR_NAME = AccentColor;
				CODE_SIGN_STYLE = Automatic;
				CURRENT_PROJECT_VERSION = 1;
				DEVELOPMENT_ASSET_PATHS = "\"Exposure/Preview Content\"";
				DEVELOPMENT_TEAM = UFLQ47D2A9;
				ENABLE_PREVIEWS = YES;
				GENERATE_INFOPLIST_FILE = YES;
				INFOPLIST_KEY_CFBundleDisplayName = Exposure;
				INFOPLIST_KEY_LSApplicationCategoryType = "public.app-category.photography";
				INFOPLIST_KEY_UIApplicationSceneManifest_Generation = YES;
				INFOPLIST_KEY_UIApplicationSupportsIndirectInputEvents = YES;
				INFOPLIST_KEY_UILaunchScreen_Generation = YES;
				INFOPLIST_KEY_UISupportedInterfaceOrientations = UIInterfaceOrientationPortrait;
				INFOPLIST_KEY_UISupportedInterfaceOrientations_iPad = "UIInterfaceOrientationLandscapeLeft UIInterfaceOrientationLandscapeRight UIInterfaceOrientationPortrait UIInterfaceOrientationPortraitUpsideDown";
				LD_RUNPATH_SEARCH_PATHS = (
					"$(inherited)",
					"@executable_path/Frameworks",
				);
				MARKETING_VERSION = 1.0;
				PRODUCT_BUNDLE_IDENTIFIER = com.jonaayee.Exposure;
				PRODUCT_NAME = "$(TARGET_NAME)";
				SUPPORTED_PLATFORMS = "iphoneos iphonesimulator";
				SUPPORTS_MACCATALYST = NO;
				SWIFT_EMIT_LOC_STRINGS = YES;
				SWIFT_VERSION = 5.0;
				TARGETED_DEVICE_FAMILY = 1;
			};
			name = Debug;
		};
		3F0E021E2CBECDEA00D2A837 /* Release */ = {
			isa = XCBuildConfiguration;
			buildSettings = {
				ASSETCATALOG_COMPILER_APPICON_NAME = AppIcon;
				ASSETCATALOG_COMPILER_GLOBAL_ACCENT_COLOR_NAME = AccentColor;
				CODE_SIGN_STYLE = Automatic;
				CURRENT_PROJECT_VERSION = 1;
				DEVELOPMENT_ASSET_PATHS = "\"Exposure/Preview Content\"";
				DEVELOPMENT_TEAM = UFLQ47D2A9;
				ENABLE_PREVIEWS = YES;
				GENERATE_INFOPLIST_FILE = YES;
				INFOPLIST_KEY_CFBundleDisplayName = Exposure;
				INFOPLIST_KEY_LSApplicationCategoryType = "public.app-category.photography";
				INFOPLIST_KEY_UIApplicationSceneManifest_Generation = YES;
				INFOPLIST_KEY_UIApplicationSupportsIndirectInputEvents = YES;
				INFOPLIST_KEY_UILaunchScreen_Generation = YES;
				INFOPLIST_KEY_UISupportedInterfaceOrientations = UIInterfaceOrientationPortrait;
				INFOPLIST_KEY_UISupportedInterfaceOrientations_iPad = "UIInterfaceOrientationLandscapeLeft UIInterfaceOrientationLandscapeRight UIInterfaceOrientationPortrait UIInterfaceOrientationPortraitUpsideDown";
				LD_RUNPATH_SEARCH_PATHS = (
					"$(inherited)",
					"@executable_path/Frameworks",
				);
				MARKETING_VERSION = 1.0;
				PRODUCT_BUNDLE_IDENTIFIER = com.jonaayee.Exposure;
				PRODUCT_NAME = "$(TARGET_NAME)";
				SUPPORTED_PLATFORMS = "iphoneos iphonesimulator";
				SUPPORTS_MACCATALYST = NO;
				SWIFT_EMIT_LOC_STRINGS = YES;
				SWIFT_VERSION = 5.0;
				TARGETED_DEVICE_FAMILY = 1;
			};
			name = Release;
		};
/* End XCBuildConfiguration section */

/* Begin XCConfigurationList section */
		3F0E02092CBECDE900D2A837 /* Build configuration list for PBXProject "Exposure" */ = {
			isa = XCConfigurationList;
			buildConfigurations = (
				3F0E021A2CBECDEA00D2A837 /* Debug */,
				3F0E021B2CBECDEA00D2A837 /* Release */,
			);
			defaultConfigurationIsVisible = 0;
			defaultConfigurationName = Release;
		};
		3F0E021C2CBECDEA00D2A837 /* Build configuration list for PBXNativeTarget "Exposure" */ = {
			isa = XCConfigurationList;
			buildConfigurations = (
				3F0E021D2CBECDEA00D2A837 /* Debug */,
				3F0E021E2CBECDEA00D2A837 /* Release */,
			);
			defaultConfigurationIsVisible = 0;
			defaultConfigurationName = Release;
		};
/* End XCConfigurationList section */
	};
	rootObject = 3F0E02062CBECDE900D2A837 /* Project object */;
}
